{
  "name": "kolorss",
  "lockfileVersion": 2,
  "requires": true,
  "packages": {
    "": {
      "dependencies": {
        "hex-color-to-color-name": "^1.0.2"
      }
    },
    "node_modules/hex-color-to-color-name": {
      "version": "1.0.2",
      "resolved": "https://registry.npmjs.org/hex-color-to-color-name/-/hex-color-to-color-name-1.0.2.tgz",
      "integrity": "sha512-YKPBFTSbYIHH8YKcJB4Q5PV+Tr+kvDXpV60BcPMUu5CSZUcc/qOOx7lkr7luk6MSXKd5A82yfPGZTgedIdQ+aA=="
    }
  },
  "dependencies": {
    "hex-color-to-color-name": {
      "version": "1.0.2",
      "resolved": "https://registry.npmjs.org/hex-color-to-color-name/-/hex-color-to-color-name-1.0.2.tgz",
      "integrity": "sha512-YKPBFTSbYIHH8YKcJB4Q5PV+Tr+kvDXpV60BcPMUu5CSZUcc/qOOx7lkr7luk6MSXKd5A82yfPGZTgedIdQ+aA=="
    }
  }
}
